// !$*UTF8*$!
{
	archiveVersion = 1;
	classes = {
	};
	objectVersion = 56;
	objects = {

/* Begin PBXBuildFile section */
		F198C90729DC345200AF0B26 /* main.swift in Sources */ = {isa = PBXBuildFile; fileRef = F198C90629DC345200AF0B26 /* main.swift */; };
		F198C91829DC37EE00AF0B26 /* Math.swift in Sources */ = {isa = PBXBuildFile; fileRef = F198C91529DC37EE00AF0B26 /* Math.swift */; };
		F198C91929DC37EE00AF0B26 /* 2DPrefixSum.swift in Sources */ = {isa = PBXBuildFile; fileRef = F198C91629DC37EE00AF0B26 /* 2DPrefixSum.swift */; };
		F198C91A29DC37EE00AF0B26 /* BinarySearch.swift in Sources */ = {isa = PBXBuildFile; fileRef = F198C91729DC37EE00AF0B26 /* BinarySearch.swift */; };
		F198C91C29DC37F600AF0B26 /* PriorityQueue.swift in Sources */ = {isa = PBXBuildFile; fileRef = F198C91B29DC37F600AF0B26 /* PriorityQueue.swift */; };
		F198C98829DE566A00AF0B26 /* MathTest.swift in Sources */ = {isa = PBXBuildFile; fileRef = F198C98729DE566A00AF0B26 /* MathTest.swift */; };
		F198C98929DE567900AF0B26 /* Math.swift in Sources */ = {isa = PBXBuildFile; fileRef = F198C91529DC37EE00AF0B26 /* Math.swift */; };
		F198C98B29DE586000AF0B26 /* PriorityQueueTest.swift in Sources */ = {isa = PBXBuildFile; fileRef = F198C98A29DE586000AF0B26 /* PriorityQueueTest.swift */; };
		F198C98C29DE588300AF0B26 /* PriorityQueue.swift in Sources */ = {isa = PBXBuildFile; fileRef = F198C91B29DC37F600AF0B26 /* PriorityQueue.swift */; };
		F198C98E29DE599D00AF0B26 /* BinarySearchTest.swift in Sources */ = {isa = PBXBuildFile; fileRef = F198C98D29DE599D00AF0B26 /* BinarySearchTest.swift */; };
		F198C98F29DE5A1100AF0B26 /* BinarySearch.swift in Sources */ = {isa = PBXBuildFile; fileRef = F198C91729DC37EE00AF0B26 /* BinarySearch.swift */; };
/* End PBXBuildFile section */

/* Begin PBXCopyFilesBuildPhase section */
		F198C90129DC345200AF0B26 /* CopyFiles */ = {
			isa = PBXCopyFilesBuildPhase;
			buildActionMask = 2147483647;
			dstPath = /usr/share/man/man1/;
			dstSubfolderSpec = 0;
			files = (
			);
			runOnlyForDeploymentPostprocessing = 1;
		};
/* End PBXCopyFilesBuildPhase section */

/* Begin PBXFileReference section */
		F198C90329DC345200AF0B26 /* swift */ = {isa = PBXFileReference; explicitFileType = "compiled.mach-o.executable"; includeInIndex = 0; path = swift; sourceTree = BUILT_PRODUCTS_DIR; };
		F198C90629DC345200AF0B26 /* main.swift */ = {isa = PBXFileReference; lastKnownFileType = sourcecode.swift; path = main.swift; sourceTree = "<group>"; };
		F198C90F29DC34CE00AF0B26 /* UnionFind.swift */ = {isa = PBXFileReference; lastKnownFileType = sourcecode.swift; path = UnionFind.swift; sourceTree = "<group>"; };
		F198C91029DC34CE00AF0B26 /* Trie.swift */ = {isa = PBXFileReference; lastKnownFileType = sourcecode.swift; path = Trie.swift; sourceTree = "<group>"; };
		F198C91129DC34CE00AF0B26 /* TreeNode.swift */ = {isa = PBXFileReference; lastKnownFileType = sourcecode.swift; path = TreeNode.swift; sourceTree = "<group>"; };
		F198C91229DC34CE00AF0B26 /* DisjointSet.swift */ = {isa = PBXFileReference; lastKnownFileType = sourcecode.swift; path = DisjointSet.swift; sourceTree = "<group>"; };
		F198C91329DC34CE00AF0B26 /* ListNode.swift */ = {isa = PBXFileReference; lastKnownFileType = sourcecode.swift; path = ListNode.swift; sourceTree = "<group>"; };
		F198C91529DC37EE00AF0B26 /* Math.swift */ = {isa = PBXFileReference; fileEncoding = 4; lastKnownFileType = sourcecode.swift; path = Math.swift; sourceTree = "<group>"; };
		F198C91629DC37EE00AF0B26 /* 2DPrefixSum.swift */ = {isa = PBXFileReference; fileEncoding = 4; lastKnownFileType = sourcecode.swift; path = 2DPrefixSum.swift; sourceTree = "<group>"; };
		F198C91729DC37EE00AF0B26 /* BinarySearch.swift */ = {isa = PBXFileReference; fileEncoding = 4; lastKnownFileType = sourcecode.swift; path = BinarySearch.swift; sourceTree = "<group>"; };
		F198C91B29DC37F600AF0B26 /* PriorityQueue.swift */ = {isa = PBXFileReference; fileEncoding = 4; lastKnownFileType = sourcecode.swift; path = PriorityQueue.swift; sourceTree = "<group>"; };
		F198C98029DE564000AF0B26 /* swift-ut.xctest */ = {isa = PBXFileReference; explicitFileType = wrapper.cfbundle; includeInIndex = 0; path = "swift-ut.xctest"; sourceTree = BUILT_PRODUCTS_DIR; };
		F198C98729DE566A00AF0B26 /* MathTest.swift */ = {isa = PBXFileReference; lastKnownFileType = sourcecode.swift; path = MathTest.swift; sourceTree = "<group>"; };
		F198C98A29DE586000AF0B26 /* PriorityQueueTest.swift */ = {isa = PBXFileReference; lastKnownFileType = sourcecode.swift; path = PriorityQueueTest.swift; sourceTree = "<group>"; };
		F198C98D29DE599D00AF0B26 /* BinarySearchTest.swift */ = {isa = PBXFileReference; lastKnownFileType = sourcecode.swift; path = BinarySearchTest.swift; sourceTree = "<group>"; };
/* End PBXFileReference section */

/* Begin PBXFrameworksBuildPhase section */
		F198C90029DC345200AF0B26 /* Frameworks */ = {
			isa = PBXFrameworksBuildPhase;
			buildActionMask = 2147483647;
			files = (
			);
			runOnlyForDeploymentPostprocessing = 0;
		};
		F198C97D29DE564000AF0B26 /* Frameworks */ = {
			isa = PBXFrameworksBuildPhase;
			buildActionMask = 2147483647;
			files = (
			);
			runOnlyForDeploymentPostprocessing = 0;
		};
/* End PBXFrameworksBuildPhase section */

/* Begin PBXGroup section */
		F198C8FA29DC345200AF0B26 = {
			isa = PBXGroup;
			children = (
				F198C90529DC345200AF0B26 /* swift */,
				F198C90E29DC34CE00AF0B26 /* data structures */,
				F198C91429DC356C00AF0B26 /* algorithms */,
				F198C98129DE564000AF0B26 /* swift-ut */,
				F198C90429DC345200AF0B26 /* Products */,
			);
			sourceTree = "<group>";
		};
		F198C90429DC345200AF0B26 /* Products */ = {
			isa = PBXGroup;
			children = (
				F198C90329DC345200AF0B26 /* swift */,
				F198C98029DE564000AF0B26 /* swift-ut.xctest */,
			);
			name = Products;
			sourceTree = "<group>";
		};
		F198C90529DC345200AF0B26 /* swift */ = {
			isa = PBXGroup;
			children = (
				F198C90629DC345200AF0B26 /* main.swift */,
			);
			path = swift;
			sourceTree = "<group>";
		};
		F198C90E29DC34CE00AF0B26 /* data structures */ = {
			isa = PBXGroup;
			children = (
				F198C91B29DC37F600AF0B26 /* PriorityQueue.swift */,
				F198C90F29DC34CE00AF0B26 /* UnionFind.swift */,
				F198C91229DC34CE00AF0B26 /* DisjointSet.swift */,
				F198C91029DC34CE00AF0B26 /* Trie.swift */,
				F198C91129DC34CE00AF0B26 /* TreeNode.swift */,
				F198C91329DC34CE00AF0B26 /* ListNode.swift */,
			);
			path = "data structures";
			sourceTree = "<group>";
		};
		F198C91429DC356C00AF0B26 /* algorithms */ = {
			isa = PBXGroup;
			children = (
				F198C91629DC37EE00AF0B26 /* 2DPrefixSum.swift */,
				F198C91729DC37EE00AF0B26 /* BinarySearch.swift */,
				F198C91529DC37EE00AF0B26 /* Math.swift */,
			);
			path = algorithms;
			sourceTree = "<group>";
		};
		F198C98129DE564000AF0B26 /* swift-ut */ = {
			isa = PBXGroup;
			children = (
				F198C98729DE566A00AF0B26 /* MathTest.swift */,
				F198C98A29DE586000AF0B26 /* PriorityQueueTest.swift */,
				F198C98D29DE599D00AF0B26 /* BinarySearchTest.swift */,
			);
			path = "swift-ut";
			sourceTree = "<group>";
		};
/* End PBXGroup section */

/* Begin PBXNativeTarget section */
		F198C90229DC345200AF0B26 /* swift */ = {
			isa = PBXNativeTarget;
			buildConfigurationList = F198C90A29DC345200AF0B26 /* Build configuration list for PBXNativeTarget "swift" */;
			buildPhases = (
				F198C8FF29DC345200AF0B26 /* Sources */,
				F198C90029DC345200AF0B26 /* Frameworks */,
				F198C90129DC345200AF0B26 /* CopyFiles */,
			);
			buildRules = (
			);
			dependencies = (
			);
			name = swift;
			productName = swift;
			productReference = F198C90329DC345200AF0B26 /* swift */;
			productType = "com.apple.product-type.tool";
		};
		F198C97F29DE564000AF0B26 /* swift-ut */ = {
			isa = PBXNativeTarget;
			buildConfigurationList = F198C98629DE564000AF0B26 /* Build configuration list for PBXNativeTarget "swift-ut" */;
			buildPhases = (
				F198C97C29DE564000AF0B26 /* Sources */,
				F198C97D29DE564000AF0B26 /* Frameworks */,
				F198C97E29DE564000AF0B26 /* Resources */,
			);
			buildRules = (
			);
			dependencies = (
			);
			name = "swift-ut";
			productName = "swift-ut";
			productReference = F198C98029DE564000AF0B26 /* swift-ut.xctest */;
			productType = "com.apple.product-type.bundle.unit-test";
		};
/* End PBXNativeTarget section */

/* Begin PBXProject section */
		F198C8FB29DC345200AF0B26 /* Project object */ = {
			isa = PBXProject;
			attributes = {
				BuildIndependentTargetsInParallel = 1;
				LastSwiftUpdateCheck = 1420;
				LastUpgradeCheck = 1420;
				TargetAttributes = {
					F198C90229DC345200AF0B26 = {
						CreatedOnToolsVersion = 14.2;
					};
					F198C97F29DE564000AF0B26 = {
						CreatedOnToolsVersion = 14.2;
					};
				};
			};
			buildConfigurationList = F198C8FE29DC345200AF0B26 /* Build configuration list for PBXProject "swift" */;
			compatibilityVersion = "Xcode 14.0";
			developmentRegion = en;
			hasScannedForEncodings = 0;
			knownRegions = (
				en,
				Base,
			);
			mainGroup = F198C8FA29DC345200AF0B26;
			productRefGroup = F198C90429DC345200AF0B26 /* Products */;
			projectDirPath = "";
			projectRoot = "";
			targets = (
				F198C90229DC345200AF0B26 /* swift */,
				F198C97F29DE564000AF0B26 /* swift-ut */,
			);
		};
/* End PBXProject section */

/* Begin PBXResourcesBuildPhase section */
		F198C97E29DE564000AF0B26 /* Resources */ = {
			isa = PBXResourcesBuildPhase;
			buildActionMask = 2147483647;
			files = (
			);
			runOnlyForDeploymentPostprocessing = 0;
		};
/* End PBXResourcesBuildPhase section */

/* Begin PBXSourcesBuildPhase section */
		F198C8FF29DC345200AF0B26 /* Sources */ = {
			isa = PBXSourcesBuildPhase;
			buildActionMask = 2147483647;
			files = (
				F198C91A29DC37EE00AF0B26 /* BinarySearch.swift in Sources */,
				F198C90729DC345200AF0B26 /* main.swift in Sources */,
				F198C91C29DC37F600AF0B26 /* PriorityQueue.swift in Sources */,
				F198C91929DC37EE00AF0B26 /* 2DPrefixSum.swift in Sources */,
				F198C91829DC37EE00AF0B26 /* Math.swift in Sources */,
			);
			runOnlyForDeploymentPostprocessing = 0;
		};
		F198C97C29DE564000AF0B26 /* Sources */ = {
			isa = PBXSourcesBuildPhase;
			buildActionMask = 2147483647;
			files = (
				F198C98B29DE586000AF0B26 /* PriorityQueueTest.swift in Sources */,
				F198C98C29DE588300AF0B26 /* PriorityQueue.swift in Sources */,
				F198C98829DE566A00AF0B26 /* MathTest.swift in Sources */,
				F198C98F29DE5A1100AF0B26 /* BinarySearch.swift in Sources */,
				F198C98E29DE599D00AF0B26 /* BinarySearchTest.swift in Sources */,
				F198C98929DE567900AF0B26 /* Math.swift in Sources */,
			);
			runOnlyForDeploymentPostprocessing = 0;
		};
/* End PBXSourcesBuildPhase section */

/* Begin XCBuildConfiguration section */
		F198C90829DC345200AF0B26 /* Debug */ = {
			isa = XCBuildConfiguration;
			buildSettings = {
				ALWAYS_SEARCH_USER_PATHS = NO;
				CLANG_ANALYZER_NONNULL = YES;
				CLANG_ANALYZER_NUMBER_OBJECT_CONVERSION = YES_AGGRESSIVE;
				CLANG_CXX_LANGUAGE_STANDARD = "gnu++20";
				CLANG_ENABLE_MODULES = YES;
				CLANG_ENABLE_OBJC_ARC = YES;
				CLANG_ENABLE_OBJC_WEAK = YES;
				CLANG_WARN_BLOCK_CAPTURE_AUTORELEASING = YES;
				CLANG_WARN_BOOL_CONVERSION = YES;
				CLANG_WARN_COMMA = YES;
				CLANG_WARN_CONSTANT_CONVERSION = YES;
				CLANG_WARN_DEPRECATED_OBJC_IMPLEMENTATIONS = YES;
				CLANG_WARN_DIRECT_OBJC_ISA_USAGE = YES_ERROR;
				CLANG_WARN_DOCUMENTATION_COMMENTS = YES;
				CLANG_WARN_EMPTY_BODY = YES;
				CLANG_WARN_ENUM_CONVERSION = YES;
				CLANG_WARN_INFINITE_RECURSION = YES;
				CLANG_WARN_INT_CONVERSION = YES;
				CLANG_WARN_NON_LITERAL_NULL_CONVERSION = YES;
				CLANG_WARN_OBJC_IMPLICIT_RETAIN_SELF = YES;
				CLANG_WARN_OBJC_LITERAL_CONVERSION = YES;
				CLANG_WARN_OBJC_ROOT_CLASS = YES_ERROR;
				CLANG_WARN_QUOTED_INCLUDE_IN_FRAMEWORK_HEADER = YES;
				CLANG_WARN_RANGE_LOOP_ANALYSIS = YES;
				CLANG_WARN_STRICT_PROTOTYPES = YES;
				CLANG_WARN_SUSPICIOUS_MOVE = YES;
				CLANG_WARN_UNGUARDED_AVAILABILITY = YES_AGGRESSIVE;
				CLANG_WARN_UNREACHABLE_CODE = YES;
				CLANG_WARN__DUPLICATE_METHOD_MATCH = YES;
				COPY_PHASE_STRIP = NO;
				DEBUG_INFORMATION_FORMAT = dwarf;
				ENABLE_STRICT_OBJC_MSGSEND = YES;
				ENABLE_TESTABILITY = YES;
				GCC_C_LANGUAGE_STANDARD = gnu11;
				GCC_DYNAMIC_NO_PIC = NO;
				GCC_NO_COMMON_BLOCKS = YES;
				GCC_OPTIMIZATION_LEVEL = 0;
				GCC_PREPROCESSOR_DEFINITIONS = (
					"DEBUG=1",
					"$(inherited)",
				);
				GCC_WARN_64_TO_32_BIT_CONVERSION = YES;
				GCC_WARN_ABOUT_RETURN_TYPE = YES_ERROR;
				GCC_WARN_UNDECLARED_SELECTOR = YES;
				GCC_WARN_UNINITIALIZED_AUTOS = YES_AGGRESSIVE;
				GCC_WARN_UNUSED_FUNCTION = YES;
				GCC_WARN_UNUSED_VARIABLE = YES;
				MACOSX_DEPLOYMENT_TARGET = 13.1;
				MTL_ENABLE_DEBUG_INFO = INCLUDE_SOURCE;
				MTL_FAST_MATH = YES;
				ONLY_ACTIVE_ARCH = YES;
				SDKROOT = macosx;
				SWIFT_ACTIVE_COMPILATION_CONDITIONS = DEBUG;
				SWIFT_OPTIMIZATION_LEVEL = "-Onone";
			};
			name = Debug;
		};
		F198C90929DC345200AF0B26 /* Release */ = {
			isa = XCBuildConfiguration;
			buildSettings = {
				ALWAYS_SEARCH_USER_PATHS = NO;
				CLANG_ANALYZER_NONNULL = YES;
				CLANG_ANALYZER_NUMBER_OBJECT_CONVERSION = YES_AGGRESSIVE;
				CLANG_CXX_LANGUAGE_STANDARD = "gnu++20";
				CLANG_ENABLE_MODULES = YES;
				CLANG_ENABLE_OBJC_ARC = YES;
				CLANG_ENABLE_OBJC_WEAK = YES;
				CLANG_WARN_BLOCK_CAPTURE_AUTORELEASING = YES;
				CLANG_WARN_BOOL_CONVERSION = YES;
				CLANG_WARN_COMMA = YES;
				CLANG_WARN_CONSTANT_CONVERSION = YES;
				CLANG_WARN_DEPRECATED_OBJC_IMPLEMENTATIONS = YES;
				CLANG_WARN_DIRECT_OBJC_ISA_USAGE = YES_ERROR;
				CLANG_WARN_DOCUMENTATION_COMMENTS = YES;
				CLANG_WARN_EMPTY_BODY = YES;
				CLANG_WARN_ENUM_CONVERSION = YES;
				CLANG_WARN_INFINITE_RECURSION = YES;
				CLANG_WARN_INT_CONVERSION = YES;
				CLANG_WARN_NON_LITERAL_NULL_CONVERSION = YES;
				CLANG_WARN_OBJC_IMPLICIT_RETAIN_SELF = YES;
				CLANG_WARN_OBJC_LITERAL_CONVERSION = YES;
				CLANG_WARN_OBJC_ROOT_CLASS = YES_ERROR;
				CLANG_WARN_QUOTED_INCLUDE_IN_FRAMEWORK_HEADER = YES;
				CLANG_WARN_RANGE_LOOP_ANALYSIS = YES;
				CLANG_WARN_STRICT_PROTOTYPES = YES;
				CLANG_WARN_SUSPICIOUS_MOVE = YES;
				CLANG_WARN_UNGUARDED_AVAILABILITY = YES_AGGRESSIVE;
				CLANG_WARN_UNREACHABLE_CODE = YES;
				CLANG_WARN__DUPLICATE_METHOD_MATCH = YES;
				COPY_PHASE_STRIP = NO;
				DEBUG_INFORMATION_FORMAT = "dwarf-with-dsym";
				ENABLE_NS_ASSERTIONS = NO;
				ENABLE_STRICT_OBJC_MSGSEND = YES;
				GCC_C_LANGUAGE_STANDARD = gnu11;
				GCC_NO_COMMON_BLOCKS = YES;
				GCC_WARN_64_TO_32_BIT_CONVERSION = YES;
				GCC_WARN_ABOUT_RETURN_TYPE = YES_ERROR;
				GCC_WARN_UNDECLARED_SELECTOR = YES;
				GCC_WARN_UNINITIALIZED_AUTOS = YES_AGGRESSIVE;
				GCC_WARN_UNUSED_FUNCTION = YES;
				GCC_WARN_UNUSED_VARIABLE = YES;
				MACOSX_DEPLOYMENT_TARGET = 13.1;
				MTL_ENABLE_DEBUG_INFO = NO;
				MTL_FAST_MATH = YES;
				SDKROOT = macosx;
				SWIFT_COMPILATION_MODE = wholemodule;
				SWIFT_OPTIMIZATION_LEVEL = "-O";
			};
			name = Release;
		};
		F198C90B29DC345200AF0B26 /* Debug */ = {
			isa = XCBuildConfiguration;
			buildSettings = {
				CODE_SIGN_STYLE = Automatic;
				DEVELOPMENT_TEAM = 7EWD2V278C;
				ENABLE_HARDENED_RUNTIME = YES;
				PRODUCT_NAME = "$(TARGET_NAME)";
				SWIFT_VERSION = 5.0;
			};
			name = Debug;
		};
		F198C90C29DC345200AF0B26 /* Release */ = {
			isa = XCBuildConfiguration;
			buildSettings = {
				CODE_SIGN_STYLE = Automatic;
				DEVELOPMENT_TEAM = 7EWD2V278C;
				ENABLE_HARDENED_RUNTIME = YES;
				PRODUCT_NAME = "$(TARGET_NAME)";
				SWIFT_VERSION = 5.0;
			};
			name = Release;
		};
		F198C98429DE564000AF0B26 /* Debug */ = {
			isa = XCBuildConfiguration;
			buildSettings = {
				CODE_SIGN_STYLE = Automatic;
				CURRENT_PROJECT_VERSION = 1;
				DEVELOPMENT_TEAM = 7EWD2V278C;
				GENERATE_INFOPLIST_FILE = YES;
				MARKETING_VERSION = 1.0;
				PRODUCT_BUNDLE_IDENTIFIER = "dev.dream.swift-ut";
				PRODUCT_NAME = "$(TARGET_NAME)";
				SWIFT_EMIT_LOC_STRINGS = NO;
				SWIFT_VERSION = 5.0;
			};
			name = Debug;
		};
		F198C98529DE564000AF0B26 /* Release */ = {
			isa = XCBuildConfiguration;
			buildSettings = {
				CODE_SIGN_STYLE = Automatic;
				CURRENT_PROJECT_VERSION = 1;
				DEVELOPMENT_TEAM = 7EWD2V278C;
				GENERATE_INFOPLIST_FILE = YES;
				MARKETING_VERSION = 1.0;
				PRODUCT_BUNDLE_IDENTIFIER = "dev.dream.swift-ut";
				PRODUCT_NAME = "$(TARGET_NAME)";
				SWIFT_EMIT_LOC_STRINGS = NO;
				SWIFT_VERSION = 5.0;
			};
			name = Release;
		};
/* End XCBuildConfiguration section */

/* Begin XCConfigurationList section */
		F198C8FE29DC345200AF0B26 /* Build configuration list for PBXProject "swift" */ = {
			isa = XCConfigurationList;
			buildConfigurations = (
				F198C90829DC345200AF0B26 /* Debug */,
				F198C90929DC345200AF0B26 /* Release */,
			);
			defaultConfigurationIsVisible = 0;
			defaultConfigurationName = Release;
		};
		F198C90A29DC345200AF0B26 /* Build configuration list for PBXNativeTarget "swift" */ = {
			isa = XCConfigurationList;
			buildConfigurations = (
				F198C90B29DC345200AF0B26 /* Debug */,
				F198C90C29DC345200AF0B26 /* Release */,
			);
			defaultConfigurationIsVisible = 0;
			defaultConfigurationName = Release;
		};
		F198C98629DE564000AF0B26 /* Build configuration list for PBXNativeTarget "swift-ut" */ = {
			isa = XCConfigurationList;
			buildConfigurations = (
				F198C98429DE564000AF0B26 /* Debug */,
				F198C98529DE564000AF0B26 /* Release */,
			);
			defaultConfigurationIsVisible = 0;
			defaultConfigurationName = Release;
		};
/* End XCConfigurationList section */
	};
	rootObject = F198C8FB29DC345200AF0B26 /* Project object */;
}
