// !$*UTF8*$!
{
	archiveVersion = 1;
	classes = {
	};
	objectVersion = 56;
	objects = {

/* Begin PBXBuildFile section */
		F1AD10C329A30E900088744A /* SegmentTree.swift in Sources */ = {isa = PBXBuildFile; fileRef = F1AD10C229A30E900088744A /* SegmentTree.swift */; };
		F1AD10D029A30F200088744A /* SegmentTreeTest.swift in Sources */ = {isa = PBXBuildFile; fileRef = F1AD10CF29A30F200088744A /* SegmentTreeTest.swift */; };
		F1AD10D129A323080088744A /* SegmentTree.swift in Sources */ = {isa = PBXBuildFile; fileRef = F1AD10C229A30E900088744A /* SegmentTree.swift */; };
		F1AD10D329A324850088744A /* FenwickTree.swift in Sources */ = {isa = PBXBuildFile; fileRef = F1AD10D229A324850088744A /* FenwickTree.swift */; };
		F1B6A41029A3579100489E1E /* FenwickTreeTest.swift in Sources */ = {isa = PBXBuildFile; fileRef = F1B6A40F29A3579100489E1E /* FenwickTreeTest.swift */; };
		F1B6A41129A357C200489E1E /* FenwickTree.swift in Sources */ = {isa = PBXBuildFile; fileRef = F1AD10D229A324850088744A /* FenwickTree.swift */; };
		F1D38E9129E422BD00641340 /* primes.swift in Sources */ = {isa = PBXBuildFile; fileRef = F1D38E9029E422BD00641340 /* primes.swift */; };
/* End PBXBuildFile section */

/* Begin PBXCopyFilesBuildPhase section */
		F1AD10B629A30E710088744A /* CopyFiles */ = {
			isa = PBXCopyFilesBuildPhase;
			buildActionMask = 2147483647;
			dstPath = /usr/share/man/man1/;
			dstSubfolderSpec = 0;
			files = (
			);
			runOnlyForDeploymentPostprocessing = 1;
		};
/* End PBXCopyFilesBuildPhase section */

/* Begin PBXFileReference section */
		F1AD10B829A30E710088744A /* cpbook-swift */ = {isa = PBXFileReference; explicitFileType = "compiled.mach-o.executable"; includeInIndex = 0; path = "cpbook-swift"; sourceTree = BUILT_PRODUCTS_DIR; };
		F1AD10C229A30E900088744A /* SegmentTree.swift */ = {isa = PBXFileReference; lastKnownFileType = sourcecode.swift; path = SegmentTree.swift; sourceTree = "<group>"; };
		F1AD10C829A30EF00088744A /* cpbook-swift-ut.xctest */ = {isa = PBXFileReference; explicitFileType = wrapper.cfbundle; includeInIndex = 0; path = "cpbook-swift-ut.xctest"; sourceTree = BUILT_PRODUCTS_DIR; };
		F1AD10CF29A30F200088744A /* SegmentTreeTest.swift */ = {isa = PBXFileReference; lastKnownFileType = sourcecode.swift; path = SegmentTreeTest.swift; sourceTree = "<group>"; };
		F1AD10D229A324850088744A /* FenwickTree.swift */ = {isa = PBXFileReference; lastKnownFileType = sourcecode.swift; path = FenwickTree.swift; sourceTree = "<group>"; };
		F1B6A40F29A3579100489E1E /* FenwickTreeTest.swift */ = {isa = PBXFileReference; lastKnownFileType = sourcecode.swift; path = FenwickTreeTest.swift; sourceTree = "<group>"; };
		F1D38E9029E422BD00641340 /* primes.swift */ = {isa = PBXFileReference; lastKnownFileType = sourcecode.swift; path = primes.swift; sourceTree = "<group>"; };
/* End PBXFileReference section */

/* Begin PBXFrameworksBuildPhase section */
		F1AD10B529A30E710088744A /* Frameworks */ = {
			isa = PBXFrameworksBuildPhase;
			buildActionMask = 2147483647;
			files = (
			);
			runOnlyForDeploymentPostprocessing = 0;
		};
		F1AD10C529A30EF00088744A /* Frameworks */ = {
			isa = PBXFrameworksBuildPhase;
			buildActionMask = 2147483647;
			files = (
			);
			runOnlyForDeploymentPostprocessing = 0;
		};
/* End PBXFrameworksBuildPhase section */

/* Begin PBXGroup section */
		F1AD10AF29A30E710088744A = {
			isa = PBXGroup;
			children = (
				F1AD10BA29A30E710088744A /* cpbook-swift */,
				F1AD10C929A30EF00088744A /* cpbook-swift-ut */,
				F1AD10B929A30E710088744A /* Products */,
			);
			sourceTree = "<group>";
		};
		F1AD10B929A30E710088744A /* Products */ = {
			isa = PBXGroup;
			children = (
				F1AD10B829A30E710088744A /* cpbook-swift */,
				F1AD10C829A30EF00088744A /* cpbook-swift-ut.xctest */,
			);
			name = Products;
			sourceTree = "<group>";
		};
		F1AD10BA29A30E710088744A /* cpbook-swift */ = {
			isa = PBXGroup;
			children = (
				F1AD10D229A324850088744A /* FenwickTree.swift */,
				F1AD10C229A30E900088744A /* SegmentTree.swift */,
				F1D38E9029E422BD00641340 /* primes.swift */,
			);
			path = "cpbook-swift";
			sourceTree = "<group>";
		};
		F1AD10C929A30EF00088744A /* cpbook-swift-ut */ = {
			isa = PBXGroup;
			children = (
				F1B6A40F29A3579100489E1E /* FenwickTreeTest.swift */,
				F1AD10CF29A30F200088744A /* SegmentTreeTest.swift */,
			);
			path = "cpbook-swift-ut";
			sourceTree = "<group>";
		};
/* End PBXGroup section */

/* Begin PBXNativeTarget section */
		F1AD10B729A30E710088744A /* cpbook-swift */ = {
			isa = PBXNativeTarget;
			buildConfigurationList = F1AD10BF29A30E710088744A /* Build configuration list for PBXNativeTarget "cpbook-swift" */;
			buildPhases = (
				F1AD10B429A30E710088744A /* Sources */,
				F1AD10B529A30E710088744A /* Frameworks */,
				F1AD10B629A30E710088744A /* CopyFiles */,
			);
			buildRules = (
			);
			dependencies = (
			);
			name = "cpbook-swift";
			productName = "cpbook-swift";
			productReference = F1AD10B829A30E710088744A /* cpbook-swift */;
			productType = "com.apple.product-type.tool";
		};
		F1AD10C729A30EF00088744A /* cpbook-swift-ut */ = {
			isa = PBXNativeTarget;
			buildConfigurationList = F1AD10CC29A30EF00088744A /* Build configuration list for PBXNativeTarget "cpbook-swift-ut" */;
			buildPhases = (
				F1AD10C429A30EF00088744A /* Sources */,
				F1AD10C529A30EF00088744A /* Frameworks */,
				F1AD10C629A30EF00088744A /* Resources */,
			);
			buildRules = (
			);
			dependencies = (
			);
			name = "cpbook-swift-ut";
			productName = "cpbook-swift-ut";
			productReference = F1AD10C829A30EF00088744A /* cpbook-swift-ut.xctest */;
			productType = "com.apple.product-type.bundle.unit-test";
		};
/* End PBXNativeTarget section */

/* Begin PBXProject section */
		F1AD10B029A30E710088744A /* Project object */ = {
			isa = PBXProject;
			attributes = {
				BuildIndependentTargetsInParallel = 1;
				LastSwiftUpdateCheck = 1420;
				LastUpgradeCheck = 1420;
				TargetAttributes = {
					F1AD10B729A30E710088744A = {
						CreatedOnToolsVersion = 14.2;
					};
					F1AD10C729A30EF00088744A = {
						CreatedOnToolsVersion = 14.2;
					};
				};
			};
			buildConfigurationList = F1AD10B329A30E710088744A /* Build configuration list for PBXProject "cpbook-swift" */;
			compatibilityVersion = "Xcode 14.0";
			developmentRegion = en;
			hasScannedForEncodings = 0;
			knownRegions = (
				en,
				Base,
			);
			mainGroup = F1AD10AF29A30E710088744A;
			productRefGroup = F1AD10B929A30E710088744A /* Products */;
			projectDirPath = "";
			projectRoot = "";
			targets = (
				F1AD10B729A30E710088744A /* cpbook-swift */,
				F1AD10C729A30EF00088744A /* cpbook-swift-ut */,
			);
		};
/* End PBXProject section */

/* Begin PBXResourcesBuildPhase section */
		F1AD10C629A30EF00088744A /* Resources */ = {
			isa = PBXResourcesBuildPhase;
			buildActionMask = 2147483647;
			files = (
			);
			runOnlyForDeploymentPostprocessing = 0;
		};
/* End PBXResourcesBuildPhase section */

/* Begin PBXSourcesBuildPhase section */
		F1AD10B429A30E710088744A /* Sources */ = {
			isa = PBXSourcesBuildPhase;
			buildActionMask = 2147483647;
			files = (
				F1AD10D329A324850088744A /* FenwickTree.swift in Sources */,
				F1AD10C329A30E900088744A /* SegmentTree.swift in Sources */,
				F1D38E9129E422BD00641340 /* primes.swift in Sources */,
			);
			runOnlyForDeploymentPostprocessing = 0;
		};
		F1AD10C429A30EF00088744A /* Sources */ = {
			isa = PBXSourcesBuildPhase;
			buildActionMask = 2147483647;
			files = (
				F1AD10D029A30F200088744A /* SegmentTreeTest.swift in Sources */,
				F1B6A41129A357C200489E1E /* FenwickTree.swift in Sources */,
				F1AD10D129A323080088744A /* SegmentTree.swift in Sources */,
				F1B6A41029A3579100489E1E /* FenwickTreeTest.swift in Sources */,
			);
			runOnlyForDeploymentPostprocessing = 0;
		};
/* End PBXSourcesBuildPhase section */

/* Begin XCBuildConfiguration section */
		F1AD10BD29A30E710088744A /* Debug */ = {
			isa = XCBuildConfiguration;
			buildSettings = {
				ALWAYS_SEARCH_USER_PATHS = NO;
				CLANG_ANALYZER_NONNULL = YES;
				CLANG_ANALYZER_NUMBER_OBJECT_CONVERSION = YES_AGGRESSIVE;
				CLANG_CXX_LANGUAGE_STANDARD = "gnu++20";
				CLANG_ENABLE_MODULES = YES;
				CLANG_ENABLE_OBJC_ARC = YES;
				CLANG_ENABLE_OBJC_WEAK = YES;
				CLANG_WARN_BLOCK_CAPTURE_AUTORELEASING = YES;
				CLANG_WARN_BOOL_CONVERSION = YES;
				CLANG_WARN_COMMA = YES;
				CLANG_WARN_CONSTANT_CONVERSION = YES;
				CLANG_WARN_DEPRECATED_OBJC_IMPLEMENTATIONS = YES;
				CLANG_WARN_DIRECT_OBJC_ISA_USAGE = YES_ERROR;
				CLANG_WARN_DOCUMENTATION_COMMENTS = YES;
				CLANG_WARN_EMPTY_BODY = YES;
				CLANG_WARN_ENUM_CONVERSION = YES;
				CLANG_WARN_INFINITE_RECURSION = YES;
				CLANG_WARN_INT_CONVERSION = YES;
				CLANG_WARN_NON_LITERAL_NULL_CONVERSION = YES;
				CLANG_WARN_OBJC_IMPLICIT_RETAIN_SELF = YES;
				CLANG_WARN_OBJC_LITERAL_CONVERSION = YES;
				CLANG_WARN_OBJC_ROOT_CLASS = YES_ERROR;
				CLANG_WARN_QUOTED_INCLUDE_IN_FRAMEWORK_HEADER = YES;
				CLANG_WARN_RANGE_LOOP_ANALYSIS = YES;
				CLANG_WARN_STRICT_PROTOTYPES = YES;
				CLANG_WARN_SUSPICIOUS_MOVE = YES;
				CLANG_WARN_UNGUARDED_AVAILABILITY = YES_AGGRESSIVE;
				CLANG_WARN_UNREACHABLE_CODE = YES;
				CLANG_WARN__DUPLICATE_METHOD_MATCH = YES;
				COPY_PHASE_STRIP = NO;
				DEBUG_INFORMATION_FORMAT = dwarf;
				ENABLE_STRICT_OBJC_MSGSEND = YES;
				ENABLE_TESTABILITY = YES;
				GCC_C_LANGUAGE_STANDARD = gnu11;
				GCC_DYNAMIC_NO_PIC = NO;
				GCC_NO_COMMON_BLOCKS = YES;
				GCC_OPTIMIZATION_LEVEL = 0;
				GCC_PREPROCESSOR_DEFINITIONS = (
					"DEBUG=1",
					"$(inherited)",
				);
				GCC_WARN_64_TO_32_BIT_CONVERSION = YES;
				GCC_WARN_ABOUT_RETURN_TYPE = YES_ERROR;
				GCC_WARN_UNDECLARED_SELECTOR = YES;
				GCC_WARN_UNINITIALIZED_AUTOS = YES_AGGRESSIVE;
				GCC_WARN_UNUSED_FUNCTION = YES;
				GCC_WARN_UNUSED_VARIABLE = YES;
				MACOSX_DEPLOYMENT_TARGET = 13.1;
				MTL_ENABLE_DEBUG_INFO = INCLUDE_SOURCE;
				MTL_FAST_MATH = YES;
				ONLY_ACTIVE_ARCH = YES;
				SDKROOT = macosx;
				SWIFT_ACTIVE_COMPILATION_CONDITIONS = DEBUG;
				SWIFT_OPTIMIZATION_LEVEL = "-Onone";
			};
			name = Debug;
		};
		F1AD10BE29A30E710088744A /* Release */ = {
			isa = XCBuildConfiguration;
			buildSettings = {
				ALWAYS_SEARCH_USER_PATHS = NO;
				CLANG_ANALYZER_NONNULL = YES;
				CLANG_ANALYZER_NUMBER_OBJECT_CONVERSION = YES_AGGRESSIVE;
				CLANG_CXX_LANGUAGE_STANDARD = "gnu++20";
				CLANG_ENABLE_MODULES = YES;
				CLANG_ENABLE_OBJC_ARC = YES;
				CLANG_ENABLE_OBJC_WEAK = YES;
				CLANG_WARN_BLOCK_CAPTURE_AUTORELEASING = YES;
				CLANG_WARN_BOOL_CONVERSION = YES;
				CLANG_WARN_COMMA = YES;
				CLANG_WARN_CONSTANT_CONVERSION = YES;
				CLANG_WARN_DEPRECATED_OBJC_IMPLEMENTATIONS = YES;
				CLANG_WARN_DIRECT_OBJC_ISA_USAGE = YES_ERROR;
				CLANG_WARN_DOCUMENTATION_COMMENTS = YES;
				CLANG_WARN_EMPTY_BODY = YES;
				CLANG_WARN_ENUM_CONVERSION = YES;
				CLANG_WARN_INFINITE_RECURSION = YES;
				CLANG_WARN_INT_CONVERSION = YES;
				CLANG_WARN_NON_LITERAL_NULL_CONVERSION = YES;
				CLANG_WARN_OBJC_IMPLICIT_RETAIN_SELF = YES;
				CLANG_WARN_OBJC_LITERAL_CONVERSION = YES;
				CLANG_WARN_OBJC_ROOT_CLASS = YES_ERROR;
				CLANG_WARN_QUOTED_INCLUDE_IN_FRAMEWORK_HEADER = YES;
				CLANG_WARN_RANGE_LOOP_ANALYSIS = YES;
				CLANG_WARN_STRICT_PROTOTYPES = YES;
				CLANG_WARN_SUSPICIOUS_MOVE = YES;
				CLANG_WARN_UNGUARDED_AVAILABILITY = YES_AGGRESSIVE;
				CLANG_WARN_UNREACHABLE_CODE = YES;
				CLANG_WARN__DUPLICATE_METHOD_MATCH = YES;
				COPY_PHASE_STRIP = NO;
				DEBUG_INFORMATION_FORMAT = "dwarf-with-dsym";
				ENABLE_NS_ASSERTIONS = NO;
				ENABLE_STRICT_OBJC_MSGSEND = YES;
				GCC_C_LANGUAGE_STANDARD = gnu11;
				GCC_NO_COMMON_BLOCKS = YES;
				GCC_WARN_64_TO_32_BIT_CONVERSION = YES;
				GCC_WARN_ABOUT_RETURN_TYPE = YES_ERROR;
				GCC_WARN_UNDECLARED_SELECTOR = YES;
				GCC_WARN_UNINITIALIZED_AUTOS = YES_AGGRESSIVE;
				GCC_WARN_UNUSED_FUNCTION = YES;
				GCC_WARN_UNUSED_VARIABLE = YES;
				MACOSX_DEPLOYMENT_TARGET = 13.1;
				MTL_ENABLE_DEBUG_INFO = NO;
				MTL_FAST_MATH = YES;
				SDKROOT = macosx;
				SWIFT_COMPILATION_MODE = wholemodule;
				SWIFT_OPTIMIZATION_LEVEL = "-O";
			};
			name = Release;
		};
		F1AD10C029A30E710088744A /* Debug */ = {
			isa = XCBuildConfiguration;
			buildSettings = {
				CODE_SIGN_STYLE = Automatic;
				DEVELOPMENT_TEAM = 7EWD2V278C;
				ENABLE_HARDENED_RUNTIME = YES;
				PRODUCT_NAME = "$(TARGET_NAME)";
				SWIFT_VERSION = 5.0;
			};
			name = Debug;
		};
		F1AD10C129A30E710088744A /* Release */ = {
			isa = XCBuildConfiguration;
			buildSettings = {
				CODE_SIGN_STYLE = Automatic;
				DEVELOPMENT_TEAM = 7EWD2V278C;
				ENABLE_HARDENED_RUNTIME = YES;
				PRODUCT_NAME = "$(TARGET_NAME)";
				SWIFT_VERSION = 5.0;
			};
			name = Release;
		};
		F1AD10CD29A30EF00088744A /* Debug */ = {
			isa = XCBuildConfiguration;
			buildSettings = {
				CODE_SIGN_STYLE = Automatic;
				CURRENT_PROJECT_VERSION = 1;
				DEVELOPMENT_TEAM = 7EWD2V278C;
				GENERATE_INFOPLIST_FILE = YES;
				MARKETING_VERSION = 1.0;
				PRODUCT_BUNDLE_IDENTIFIER = "dev.dream.cpbook-swift-ut";
				PRODUCT_NAME = "$(TARGET_NAME)";
				SWIFT_EMIT_LOC_STRINGS = NO;
				SWIFT_VERSION = 5.0;
			};
			name = Debug;
		};
		F1AD10CE29A30EF00088744A /* Release */ = {
			isa = XCBuildConfiguration;
			buildSettings = {
				CODE_SIGN_STYLE = Automatic;
				CURRENT_PROJECT_VERSION = 1;
				DEVELOPMENT_TEAM = 7EWD2V278C;
				GENERATE_INFOPLIST_FILE = YES;
				MARKETING_VERSION = 1.0;
				PRODUCT_BUNDLE_IDENTIFIER = "dev.dream.cpbook-swift-ut";
				PRODUCT_NAME = "$(TARGET_NAME)";
				SWIFT_EMIT_LOC_STRINGS = NO;
				SWIFT_VERSION = 5.0;
			};
			name = Release;
		};
/* End XCBuildConfiguration section */

/* Begin XCConfigurationList section */
		F1AD10B329A30E710088744A /* Build configuration list for PBXProject "cpbook-swift" */ = {
			isa = XCConfigurationList;
			buildConfigurations = (
				F1AD10BD29A30E710088744A /* Debug */,
				F1AD10BE29A30E710088744A /* Release */,
			);
			defaultConfigurationIsVisible = 0;
			defaultConfigurationName = Release;
		};
		F1AD10BF29A30E710088744A /* Build configuration list for PBXNativeTarget "cpbook-swift" */ = {
			isa = XCConfigurationList;
			buildConfigurations = (
				F1AD10C029A30E710088744A /* Debug */,
				F1AD10C129A30E710088744A /* Release */,
			);
			defaultConfigurationIsVisible = 0;
			defaultConfigurationName = Release;
		};
		F1AD10CC29A30EF00088744A /* Build configuration list for PBXNativeTarget "cpbook-swift-ut" */ = {
			isa = XCConfigurationList;
			buildConfigurations = (
				F1AD10CD29A30EF00088744A /* Debug */,
				F1AD10CE29A30EF00088744A /* Release */,
			);
			defaultConfigurationIsVisible = 0;
			defaultConfigurationName = Release;
		};
/* End XCConfigurationList section */
	};
	rootObject = F1AD10B029A30E710088744A /* Project object */;
}
